PODS:
  - LineSDKSwift/Core (5.5.0)
  - LineSDKSwift/ObjC (5.5.0):
    - LineSDKSwift/Core

DEPENDENCIES:
  - LineSDKSwift/ObjC (~> 5.0)

SPEC REPOS:
  trunk:
    - LineSDKSwift

SPEC CHECKSUMS:
  LineSDKSwift: 930ebbe4144b61d790f52ca17288c80c98518d1c

PODFILE CHECKSUM: faeaaf074fdae9648b17d0e634015c0157871245

COCOAPODS: 1.8.4
